PODS:
  - Alamofire (5.4.0)
  - Moya (14.0.0):
    - Moya/Core (= 14.0.0)
  - Moya/Core (14.0.0):
    - Alamofire (~> 5.0)
  - SwiftyJSON (5.0.0)

DEPENDENCIES:
  - Moya
  - SwiftyJSON

SPEC REPOS:
  trunk:
    - Alamofire
    - Moya
    - SwiftyJSON

SPEC CHECKSUMS:
  Alamofire: 3b6a534a3df22db367e4dedeeca73d1ddfcf0e2f
  Moya: 5b45dacb75adb009f97fde91c204c1e565d31916
  SwiftyJSON: 36413e04c44ee145039d332b4f4e2d3e8d6c4db7

PODFILE CHECKSUM: 47147ac43244a6b2bf65987c8ff67847caed45d6

COCOAPODS: 1.10.0
