// !$*UTF8*$!
{
	archiveVersion = 1;
	classes = {
	};
	objectVersion = 51;
	objects = {

/* Begin PBXBuildFile section */
		1CE5098FF135AF2C33533D1B /* Pods_Corona_Light.framework in Frameworks */ = {isa = PBXBuildFile; fileRef = 7E1B85652FFEC058F784E36C /* Pods_Corona_Light.framework */; };
		8715B826257E6C7300AE77BB /* LoadingViewable.swift in Sources */ = {isa = PBXBuildFile; fileRef = 8715B822257E6C7300AE77BB /* LoadingViewable.swift */; };
		87164CF42584ADA800DE56E3 /* CoronaNetworkable.swift in Sources */ = {isa = PBXBuildFile; fileRef = 87164CF32584ADA800DE56E3 /* CoronaNetworkable.swift */; };
		871E1F0F2583CBB9005FEE0A /* MaskView.swift in Sources */ = {isa = PBXBuildFile; fileRef = 871E1F0E2583CBB9005FEE0A /* MaskView.swift */; };
		8723EA1C257F85D3001DC3A5 /* RulesView.swift in Sources */ = {isa = PBXBuildFile; fileRef = 8723EA1B257F85D3001DC3A5 /* RulesView.swift */; };
		872C3403257BDC5C0081B174 /* LocationAdapter.swift in Sources */ = {isa = PBXBuildFile; fileRef = 872C3402257BDC5C0081B174 /* LocationAdapter.swift */; };
		872D34BB258360740083305D /* NetworkError.swift in Sources */ = {isa = PBXBuildFile; fileRef = 872D34BA258360740083305D /* NetworkError.swift */; };
		872D34BE258365820083305D /* LocationError.swift in Sources */ = {isa = PBXBuildFile; fileRef = 872D34BD258365820083305D /* LocationError.swift */; };
		872D34C1258376980083305D /* UIView+blink.swift in Sources */ = {isa = PBXBuildFile; fileRef = 872D34C0258376980083305D /* UIView+blink.swift */; };
		87442A60258221F0004461B8 /* Constants.swift in Sources */ = {isa = PBXBuildFile; fileRef = 87442A5F258221F0004461B8 /* Constants.swift */; };
		875621CE257A81CD00A705D7 /* AppDelegate.swift in Sources */ = {isa = PBXBuildFile; fileRef = 875621CD257A81CD00A705D7 /* AppDelegate.swift */; };
		875621D7257A81CE00A705D7 /* Assets.xcassets in Resources */ = {isa = PBXBuildFile; fileRef = 875621D6257A81CE00A705D7 /* Assets.xcassets */; };
		875621DA257A81CE00A705D7 /* LaunchScreen.storyboard in Resources */ = {isa = PBXBuildFile; fileRef = 875621D8257A81CE00A705D7 /* LaunchScreen.storyboard */; };
		875621FD257A831A00A705D7 /* MainCoordinator.swift in Sources */ = {isa = PBXBuildFile; fileRef = 875621FB257A831A00A705D7 /* MainCoordinator.swift */; };
		875621FE257A831A00A705D7 /* Coordinator.swift in Sources */ = {isa = PBXBuildFile; fileRef = 875621FC257A831A00A705D7 /* Coordinator.swift */; };
		87562205257A83A000A705D7 /* Reactive+isAnimating.swift in Sources */ = {isa = PBXBuildFile; fileRef = 87562203257A83A000A705D7 /* Reactive+isAnimating.swift */; };
		87562206257A83A000A705D7 /* UIView+Extensiones.swift in Sources */ = {isa = PBXBuildFile; fileRef = 87562204257A83A000A705D7 /* UIView+Extensiones.swift */; };
		87562211257A851100A705D7 /* LightVC.swift in Sources */ = {isa = PBXBuildFile; fileRef = 87562210257A851100A705D7 /* LightVC.swift */; };
		87562215257A853600A705D7 /* LightViewModel.swift in Sources */ = {isa = PBXBuildFile; fileRef = 87562214257A853600A705D7 /* LightViewModel.swift */; };
		87562218257A855700A705D7 /* CoronaService.swift in Sources */ = {isa = PBXBuildFile; fileRef = 87562217257A855700A705D7 /* CoronaService.swift */; };
		8756221C257A870100A705D7 /* LocationManager.swift in Sources */ = {isa = PBXBuildFile; fileRef = 8756221B257A870100A705D7 /* LocationManager.swift */; };
		87562221257A87AB00A705D7 /* RulesVC.swift in Sources */ = {isa = PBXBuildFile; fileRef = 87562220257A87AB00A705D7 /* RulesVC.swift */; };
		87562239257A8B8700A705D7 /* NotificationManager.swift in Sources */ = {isa = PBXBuildFile; fileRef = 87562238257A8B8700A705D7 /* NotificationManager.swift */; };
		87575EAA257F76DC00919A7E /* Localizable.strings in Resources */ = {isa = PBXBuildFile; fileRef = 87575EAC257F76DC00919A7E /* Localizable.strings */; };
		8760F9132583C37500787E1D /* CALayer+animation.swift in Sources */ = {isa = PBXBuildFile; fileRef = 8760F9122583C37500787E1D /* CALayer+animation.swift */; };
		87B836CD2582510300EA1943 /* Toast.swift in Sources */ = {isa = PBXBuildFile; fileRef = 87B836CC2582510300EA1943 /* Toast.swift */; };
		87C9913B257E3EC0003049A3 /* LightManager.swift in Sources */ = {isa = PBXBuildFile; fileRef = 87C9913A257E3EC0003049A3 /* LightManager.swift */; };
		87C9913F257E3EFA003049A3 /* Light.swift in Sources */ = {isa = PBXBuildFile; fileRef = 87C9913E257E3EFA003049A3 /* Light.swift */; };
		87C99143257E3F68003049A3 /* TrafficLightView.swift in Sources */ = {isa = PBXBuildFile; fileRef = 87C99142257E3F68003049A3 /* TrafficLightView.swift */; };
		87E3B61A257BD53B00F785C3 /* LocationInfo.swift in Sources */ = {isa = PBXBuildFile; fileRef = 87E3B619257BD53B00F785C3 /* LocationInfo.swift */; };
		87E7FF5E257CC5730095CDDC /* NetworkAdapter.swift in Sources */ = {isa = PBXBuildFile; fileRef = 87E7FF5D257CC5730095CDDC /* NetworkAdapter.swift */; };
		87F5776B2580C72200FB9E09 /* ObservableType+CurrentAndPrevious.swift in Sources */ = {isa = PBXBuildFile; fileRef = 87F5776A2580C72200FB9E09 /* ObservableType+CurrentAndPrevious.swift */; };
		87F57773258130CB00FB9E09 /* NotificationModel.swift in Sources */ = {isa = PBXBuildFile; fileRef = 87F57772258130CB00FB9E09 /* NotificationModel.swift */; };
/* End PBXBuildFile section */

/* Begin PBXFileReference section */
		4A8997F5921C060F2AC83FA3 /* Pods-Corona Light.debug.xcconfig */ = {isa = PBXFileReference; includeInIndex = 1; lastKnownFileType = text.xcconfig; name = "Pods-Corona Light.debug.xcconfig"; path = "Target Support Files/Pods-Corona Light/Pods-Corona Light.debug.xcconfig"; sourceTree = "<group>"; };
		7E1B85652FFEC058F784E36C /* Pods_Corona_Light.framework */ = {isa = PBXFileReference; explicitFileType = wrapper.framework; includeInIndex = 0; path = Pods_Corona_Light.framework; sourceTree = BUILT_PRODUCTS_DIR; };
		8715B822257E6C7300AE77BB /* LoadingViewable.swift */ = {isa = PBXFileReference; fileEncoding = 4; lastKnownFileType = sourcecode.swift; path = LoadingViewable.swift; sourceTree = "<group>"; };
		87164CF32584ADA800DE56E3 /* CoronaNetworkable.swift */ = {isa = PBXFileReference; lastKnownFileType = sourcecode.swift; path = CoronaNetworkable.swift; sourceTree = "<group>"; };
		871E1F0E2583CBB9005FEE0A /* MaskView.swift */ = {isa = PBXFileReference; lastKnownFileType = sourcecode.swift; path = MaskView.swift; sourceTree = "<group>"; };
		8723EA1B257F85D3001DC3A5 /* RulesView.swift */ = {isa = PBXFileReference; lastKnownFileType = sourcecode.swift; path = RulesView.swift; sourceTree = "<group>"; };
		872C3402257BDC5C0081B174 /* LocationAdapter.swift */ = {isa = PBXFileReference; lastKnownFileType = sourcecode.swift; path = LocationAdapter.swift; sourceTree = "<group>"; };
		872D34BA258360740083305D /* NetworkError.swift */ = {isa = PBXFileReference; lastKnownFileType = sourcecode.swift; path = NetworkError.swift; sourceTree = "<group>"; };
		872D34BD258365820083305D /* LocationError.swift */ = {isa = PBXFileReference; lastKnownFileType = sourcecode.swift; path = LocationError.swift; sourceTree = "<group>"; };
		872D34C0258376980083305D /* UIView+blink.swift */ = {isa = PBXFileReference; lastKnownFileType = sourcecode.swift; path = "UIView+blink.swift"; sourceTree = "<group>"; };
		87442A5F258221F0004461B8 /* Constants.swift */ = {isa = PBXFileReference; lastKnownFileType = sourcecode.swift; path = Constants.swift; sourceTree = "<group>"; };
		875621CA257A81CD00A705D7 /* Corona Light.app */ = {isa = PBXFileReference; explicitFileType = wrapper.application; includeInIndex = 0; path = "Corona Light.app"; sourceTree = BUILT_PRODUCTS_DIR; };
		875621CD257A81CD00A705D7 /* AppDelegate.swift */ = {isa = PBXFileReference; lastKnownFileType = sourcecode.swift; path = AppDelegate.swift; sourceTree = "<group>"; };
		875621D6257A81CE00A705D7 /* Assets.xcassets */ = {isa = PBXFileReference; lastKnownFileType = folder.assetcatalog; path = Assets.xcassets; sourceTree = "<group>"; };
		875621D9257A81CE00A705D7 /* Base */ = {isa = PBXFileReference; lastKnownFileType = file.storyboard; name = Base; path = Base.lproj/LaunchScreen.storyboard; sourceTree = "<group>"; };
		875621DB257A81CE00A705D7 /* Info.plist */ = {isa = PBXFileReference; lastKnownFileType = text.plist.xml; path = Info.plist; sourceTree = "<group>"; };
		875621FB257A831A00A705D7 /* MainCoordinator.swift */ = {isa = PBXFileReference; fileEncoding = 4; lastKnownFileType = sourcecode.swift; path = MainCoordinator.swift; sourceTree = "<group>"; };
		875621FC257A831A00A705D7 /* Coordinator.swift */ = {isa = PBXFileReference; fileEncoding = 4; lastKnownFileType = sourcecode.swift; path = Coordinator.swift; sourceTree = "<group>"; };
		87562203257A83A000A705D7 /* Reactive+isAnimating.swift */ = {isa = PBXFileReference; fileEncoding = 4; lastKnownFileType = sourcecode.swift; path = "Reactive+isAnimating.swift"; sourceTree = "<group>"; };
		87562204257A83A000A705D7 /* UIView+Extensiones.swift */ = {isa = PBXFileReference; fileEncoding = 4; lastKnownFileType = sourcecode.swift; path = "UIView+Extensiones.swift"; sourceTree = "<group>"; };
		87562210257A851100A705D7 /* LightVC.swift */ = {isa = PBXFileReference; lastKnownFileType = sourcecode.swift; path = LightVC.swift; sourceTree = "<group>"; };
		87562214257A853600A705D7 /* LightViewModel.swift */ = {isa = PBXFileReference; lastKnownFileType = sourcecode.swift; path = LightViewModel.swift; sourceTree = "<group>"; };
		87562217257A855700A705D7 /* CoronaService.swift */ = {isa = PBXFileReference; lastKnownFileType = sourcecode.swift; path = CoronaService.swift; sourceTree = "<group>"; };
		8756221B257A870100A705D7 /* LocationManager.swift */ = {isa = PBXFileReference; lastKnownFileType = sourcecode.swift; path = LocationManager.swift; sourceTree = "<group>"; };
		87562220257A87AB00A705D7 /* RulesVC.swift */ = {isa = PBXFileReference; lastKnownFileType = sourcecode.swift; path = RulesVC.swift; sourceTree = "<group>"; };
		87562238257A8B8700A705D7 /* NotificationManager.swift */ = {isa = PBXFileReference; lastKnownFileType = sourcecode.swift; path = NotificationManager.swift; sourceTree = "<group>"; };
		87575EAB257F76DC00919A7E /* en */ = {isa = PBXFileReference; lastKnownFileType = text.plist.strings; name = en; path = en.lproj/Localizable.strings; sourceTree = "<group>"; };
		87575EAE257F76EC00919A7E /* de */ = {isa = PBXFileReference; lastKnownFileType = text.plist.strings; name = de; path = de.lproj/Localizable.strings; sourceTree = "<group>"; };
		8760F9122583C37500787E1D /* CALayer+animation.swift */ = {isa = PBXFileReference; lastKnownFileType = sourcecode.swift; path = "CALayer+animation.swift"; sourceTree = "<group>"; };
		87B836CC2582510300EA1943 /* Toast.swift */ = {isa = PBXFileReference; fileEncoding = 4; lastKnownFileType = sourcecode.swift; path = Toast.swift; sourceTree = "<group>"; };
		87C9913A257E3EC0003049A3 /* LightManager.swift */ = {isa = PBXFileReference; lastKnownFileType = sourcecode.swift; path = LightManager.swift; sourceTree = "<group>"; };
		87C9913E257E3EFA003049A3 /* Light.swift */ = {isa = PBXFileReference; lastKnownFileType = sourcecode.swift; path = Light.swift; sourceTree = "<group>"; };
		87C99142257E3F68003049A3 /* TrafficLightView.swift */ = {isa = PBXFileReference; lastKnownFileType = sourcecode.swift; path = TrafficLightView.swift; sourceTree = "<group>"; };
		87E3B619257BD53B00F785C3 /* LocationInfo.swift */ = {isa = PBXFileReference; lastKnownFileType = sourcecode.swift; path = LocationInfo.swift; sourceTree = "<group>"; };
		87E7FF5D257CC5730095CDDC /* NetworkAdapter.swift */ = {isa = PBXFileReference; lastKnownFileType = sourcecode.swift; path = NetworkAdapter.swift; sourceTree = "<group>"; };
		87F5776A2580C72200FB9E09 /* ObservableType+CurrentAndPrevious.swift */ = {isa = PBXFileReference; lastKnownFileType = sourcecode.swift; path = "ObservableType+CurrentAndPrevious.swift"; sourceTree = "<group>"; };
		87F57772258130CB00FB9E09 /* NotificationModel.swift */ = {isa = PBXFileReference; lastKnownFileType = sourcecode.swift; path = NotificationModel.swift; sourceTree = "<group>"; };
		C0F7C91B0656EBE4133F9921 /* Pods-Corona Light.release.xcconfig */ = {isa = PBXFileReference; includeInIndex = 1; lastKnownFileType = text.xcconfig; name = "Pods-Corona Light.release.xcconfig"; path = "Target Support Files/Pods-Corona Light/Pods-Corona Light.release.xcconfig"; sourceTree = "<group>"; };
/* End PBXFileReference section */

/* Begin PBXFrameworksBuildPhase section */
		875621C7257A81CD00A705D7 /* Frameworks */ = {
			isa = PBXFrameworksBuildPhase;
			buildActionMask = 2147483647;
			files = (
				1CE5098FF135AF2C33533D1B /* Pods_Corona_Light.framework in Frameworks */,
			);
			runOnlyForDeploymentPostprocessing = 0;
		};
/* End PBXFrameworksBuildPhase section */

/* Begin PBXGroup section */
		42E47E7B536FC6D15CC946C3 /* Pods */ = {
			isa = PBXGroup;
			children = (
				4A8997F5921C060F2AC83FA3 /* Pods-Corona Light.debug.xcconfig */,
				C0F7C91B0656EBE4133F9921 /* Pods-Corona Light.release.xcconfig */,
			);
			path = Pods;
			sourceTree = "<group>";
		};
		8715B81F257E6C7300AE77BB /* LoadingView */ = {
			isa = PBXGroup;
			children = (
				8715B822257E6C7300AE77BB /* LoadingViewable.swift */,
			);
			path = LoadingView;
			sourceTree = "<group>";
		};
		8725ADE0257E6F1F00555E18 /* MessageView */ = {
			isa = PBXGroup;
			children = (
				87B836CC2582510300EA1943 /* Toast.swift */,
			);
			path = MessageView;
			sourceTree = "<group>";
		};
		8725ADE6257E7BBC00555E18 /* Views */ = {
			isa = PBXGroup;
			children = (
				8725ADE0257E6F1F00555E18 /* MessageView */,
				8715B81F257E6C7300AE77BB /* LoadingView */,
			);
			path = Views;
			sourceTree = "<group>";
		};
		872D34C3258376A40083305D /* UIView */ = {
			isa = PBXGroup;
			children = (
				87562204257A83A000A705D7 /* UIView+Extensiones.swift */,
				872D34C0258376980083305D /* UIView+blink.swift */,
				8760F9122583C37500787E1D /* CALayer+animation.swift */,
			);
			path = UIView;
			sourceTree = "<group>";
		};
		875621C1257A81CC00A705D7 = {
			isa = PBXGroup;
			children = (
				875621CC257A81CD00A705D7 /* Corona Light */,
				875621CB257A81CD00A705D7 /* Products */,
				42E47E7B536FC6D15CC946C3 /* Pods */,
				CDE480D2F0811F1A74602C09 /* Frameworks */,
			);
			sourceTree = "<group>";
		};
		875621CB257A81CD00A705D7 /* Products */ = {
			isa = PBXGroup;
			children = (
				875621CA257A81CD00A705D7 /* Corona Light.app */,
			);
			name = Products;
			sourceTree = "<group>";
		};
		875621CC257A81CD00A705D7 /* Corona Light */ = {
			isa = PBXGroup;
			children = (
				87562208257A842300A705D7 /* App */,
				8756221F257A87A000A705D7 /* Pages */,
				875621F7257A82C800A705D7 /* Helper */,
				875621F6257A82A700A705D7 /* Resources */,
			);
			path = "Corona Light";
			sourceTree = "<group>";
		};
		875621F6257A82A700A705D7 /* Resources */ = {
			isa = PBXGroup;
			children = (
				875621D6257A81CE00A705D7 /* Assets.xcassets */,
				875621D8257A81CE00A705D7 /* LaunchScreen.storyboard */,
				875621DB257A81CE00A705D7 /* Info.plist */,
				87575EAC257F76DC00919A7E /* Localizable.strings */,
			);
			path = Resources;
			sourceTree = "<group>";
		};
		875621F7257A82C800A705D7 /* Helper */ = {
			isa = PBXGroup;
			children = (
				87F577692580C69E00FB9E09 /* Extension */,
				8725ADE6257E7BBC00555E18 /* Views */,
				8756221A257A86E800A705D7 /* Location */,
				8756220C257A847B00A705D7 /* Network */,
				87F57771258130B100FB9E09 /* Notification */,
				87442A5F258221F0004461B8 /* Constants.swift */,
			);
			path = Helper;
			sourceTree = "<group>";
		};
		875621FA257A830F00A705D7 /* Coordinator */ = {
			isa = PBXGroup;
			children = (
				875621FC257A831A00A705D7 /* Coordinator.swift */,
				875621FB257A831A00A705D7 /* MainCoordinator.swift */,
			);
			path = Coordinator;
			sourceTree = "<group>";
		};
		87562208257A842300A705D7 /* App */ = {
			isa = PBXGroup;
			children = (
				875621FA257A830F00A705D7 /* Coordinator */,
				875621CD257A81CD00A705D7 /* AppDelegate.swift */,
			);
			path = App;
			sourceTree = "<group>";
		};
		8756220A257A845900A705D7 /* Light */ = {
			isa = PBXGroup;
			children = (
				8756220E257A84B500A705D7 /* Model */,
				8756220D257A849100A705D7 /* View */,
				8756220B257A846200A705D7 /* ViewModel */,
			);
			path = Light;
			sourceTree = "<group>";
		};
		8756220B257A846200A705D7 /* ViewModel */ = {
			isa = PBXGroup;
			children = (
				87562214257A853600A705D7 /* LightViewModel.swift */,
			);
			path = ViewModel;
			sourceTree = "<group>";
		};
		8756220C257A847B00A705D7 /* Network */ = {
			isa = PBXGroup;
			children = (
				87562217257A855700A705D7 /* CoronaService.swift */,
				87E7FF5D257CC5730095CDDC /* NetworkAdapter.swift */,
				87164CF32584ADA800DE56E3 /* CoronaNetworkable.swift */,
				872D34BA258360740083305D /* NetworkError.swift */,
			);
			path = Network;
			sourceTree = "<group>";
		};
		8756220D257A849100A705D7 /* View */ = {
			isa = PBXGroup;
			children = (
				87C99139257E3EA9003049A3 /* Light */,
				87562210257A851100A705D7 /* LightVC.swift */,
			);
			path = View;
			sourceTree = "<group>";
		};
		8756220E257A84B500A705D7 /* Model */ = {
			isa = PBXGroup;
			children = (
				87E3B619257BD53B00F785C3 /* LocationInfo.swift */,
				87C9913E257E3EFA003049A3 /* Light.swift */,
			);
			path = Model;
			sourceTree = "<group>";
		};
		8756221A257A86E800A705D7 /* Location */ = {
			isa = PBXGroup;
			children = (
				8756221B257A870100A705D7 /* LocationManager.swift */,
				872C3402257BDC5C0081B174 /* LocationAdapter.swift */,
				872D34BD258365820083305D /* LocationError.swift */,
			);
			path = Location;
			sourceTree = "<group>";
		};
		8756221F257A87A000A705D7 /* Pages */ = {
			isa = PBXGroup;
			children = (
				8756220A257A845900A705D7 /* Light */,
				87562225257A87D300A705D7 /* Rules */,
			);
			path = Pages;
			sourceTree = "<group>";
		};
		87562225257A87D300A705D7 /* Rules */ = {
			isa = PBXGroup;
			children = (
				87562220257A87AB00A705D7 /* RulesVC.swift */,
				8723EA1B257F85D3001DC3A5 /* RulesView.swift */,
				871E1F0E2583CBB9005FEE0A /* MaskView.swift */,
			);
			path = Rules;
			sourceTree = "<group>";
		};
		87C99139257E3EA9003049A3 /* Light */ = {
			isa = PBXGroup;
			children = (
				87C9913A257E3EC0003049A3 /* LightManager.swift */,
				87C99142257E3F68003049A3 /* TrafficLightView.swift */,
			);
			path = Light;
			sourceTree = "<group>";
		};
		87F577692580C69E00FB9E09 /* Extension */ = {
			isa = PBXGroup;
			children = (
				872D34C3258376A40083305D /* UIView */,
				87F5776F2580C74E00FB9E09 /* RX */,
			);
			path = Extension;
			sourceTree = "<group>";
		};
		87F5776F2580C74E00FB9E09 /* RX */ = {
			isa = PBXGroup;
			children = (
				87562203257A83A000A705D7 /* Reactive+isAnimating.swift */,
				87F5776A2580C72200FB9E09 /* ObservableType+CurrentAndPrevious.swift */,
			);
			path = RX;
			sourceTree = "<group>";
		};
		87F57771258130B100FB9E09 /* Notification */ = {
			isa = PBXGroup;
			children = (
				87562238257A8B8700A705D7 /* NotificationManager.swift */,
				87F57772258130CB00FB9E09 /* NotificationModel.swift */,
			);
			path = Notification;
			sourceTree = "<group>";
		};
		CDE480D2F0811F1A74602C09 /* Frameworks */ = {
			isa = PBXGroup;
			children = (
				7E1B85652FFEC058F784E36C /* Pods_Corona_Light.framework */,
			);
			name = Frameworks;
			sourceTree = "<group>";
		};
/* End PBXGroup section */

/* Begin PBXNativeTarget section */
		875621C9257A81CD00A705D7 /* Corona Light */ = {
			isa = PBXNativeTarget;
			buildConfigurationList = 875621DE257A81CE00A705D7 /* Build configuration list for PBXNativeTarget "Corona Light" */;
			buildPhases = (
				0FE571698822C5B98CD0FF0A /* [CP] Check Pods Manifest.lock */,
				875621C6257A81CD00A705D7 /* Sources */,
				875621C7257A81CD00A705D7 /* Frameworks */,
				875621C8257A81CD00A705D7 /* Resources */,
				ACD42CA9C1E3CDD78C19AF4A /* [CP] Embed Pods Frameworks */,
			);
			buildRules = (
			);
			dependencies = (
			);
			name = "Corona Light";
			productName = "Corona Light";
			productReference = 875621CA257A81CD00A705D7 /* Corona Light.app */;
			productType = "com.apple.product-type.application";
		};
/* End PBXNativeTarget section */

/* Begin PBXProject section */
		875621C2257A81CC00A705D7 /* Project object */ = {
			isa = PBXProject;
			attributes = {
				LastSwiftUpdateCheck = 1220;
				LastUpgradeCheck = 1220;
				TargetAttributes = {
					875621C9257A81CD00A705D7 = {
						CreatedOnToolsVersion = 12.2;
					};
				};
			};
			buildConfigurationList = 875621C5257A81CC00A705D7 /* Build configuration list for PBXProject "Corona Light" */;
			compatibilityVersion = "Xcode 9.3";
			developmentRegion = en;
			hasScannedForEncodings = 0;
			knownRegions = (
				en,
				Base,
				de,
			);
			mainGroup = 875621C1257A81CC00A705D7;
			productRefGroup = 875621CB257A81CD00A705D7 /* Products */;
			projectDirPath = "";
			projectRoot = "";
			targets = (
				875621C9257A81CD00A705D7 /* Corona Light */,
			);
		};
/* End PBXProject section */

/* Begin PBXResourcesBuildPhase section */
		875621C8257A81CD00A705D7 /* Resources */ = {
			isa = PBXResourcesBuildPhase;
			buildActionMask = 2147483647;
			files = (
				87575EAA257F76DC00919A7E /* Localizable.strings in Resources */,
				875621DA257A81CE00A705D7 /* LaunchScreen.storyboard in Resources */,
				875621D7257A81CE00A705D7 /* Assets.xcassets in Resources */,
			);
			runOnlyForDeploymentPostprocessing = 0;
		};
/* End PBXResourcesBuildPhase section */

/* Begin PBXShellScriptBuildPhase section */
		0FE571698822C5B98CD0FF0A /* [CP] Check Pods Manifest.lock */ = {
			isa = PBXShellScriptBuildPhase;
			buildActionMask = 2147483647;
			files = (
			);
			inputFileListPaths = (
			);
			inputPaths = (
				"${PODS_PODFILE_DIR_PATH}/Podfile.lock",
				"${PODS_ROOT}/Manifest.lock",
			);
			name = "[CP] Check Pods Manifest.lock";
			outputFileListPaths = (
			);
			outputPaths = (
				"$(DERIVED_FILE_DIR)/Pods-Corona Light-checkManifestLockResult.txt",
			);
			runOnlyForDeploymentPostprocessing = 0;
			shellPath = /bin/sh;
			shellScript = "diff \"${PODS_PODFILE_DIR_PATH}/Podfile.lock\" \"${PODS_ROOT}/Manifest.lock\" > /dev/null\nif [ $? != 0 ] ; then\n    # print error to STDERR\n    echo \"error: The sandbox is not in sync with the Podfile.lock. Run 'pod install' or update your CocoaPods installation.\" >&2\n    exit 1\nfi\n# This output is used by Xcode 'outputs' to avoid re-running this script phase.\necho \"SUCCESS\" > \"${SCRIPT_OUTPUT_FILE_0}\"\n";
			showEnvVarsInLog = 0;
		};
		ACD42CA9C1E3CDD78C19AF4A /* [CP] Embed Pods Frameworks */ = {
			isa = PBXShellScriptBuildPhase;
			buildActionMask = 2147483647;
			files = (
			);
			inputFileListPaths = (
				"${PODS_ROOT}/Target Support Files/Pods-Corona Light/Pods-Corona Light-frameworks-${CONFIGURATION}-input-files.xcfilelist",
			);
			name = "[CP] Embed Pods Frameworks";
			outputFileListPaths = (
				"${PODS_ROOT}/Target Support Files/Pods-Corona Light/Pods-Corona Light-frameworks-${CONFIGURATION}-output-files.xcfilelist",
			);
			runOnlyForDeploymentPostprocessing = 0;
			shellPath = /bin/sh;
			shellScript = "\"${PODS_ROOT}/Target Support Files/Pods-Corona Light/Pods-Corona Light-frameworks.sh\"\n";
			showEnvVarsInLog = 0;
		};
/* End PBXShellScriptBuildPhase section */

/* Begin PBXSourcesBuildPhase section */
		875621C6257A81CD00A705D7 /* Sources */ = {
			isa = PBXSourcesBuildPhase;
			buildActionMask = 2147483647;
			files = (
				87442A60258221F0004461B8 /* Constants.swift in Sources */,
				87562211257A851100A705D7 /* LightVC.swift in Sources */,
				87C9913B257E3EC0003049A3 /* LightManager.swift in Sources */,
				87562221257A87AB00A705D7 /* RulesVC.swift in Sources */,
				872C3403257BDC5C0081B174 /* LocationAdapter.swift in Sources */,
				87562205257A83A000A705D7 /* Reactive+isAnimating.swift in Sources */,
				8756221C257A870100A705D7 /* LocationManager.swift in Sources */,
				872D34BE258365820083305D /* LocationError.swift in Sources */,
				87562206257A83A000A705D7 /* UIView+Extensiones.swift in Sources */,
				87562215257A853600A705D7 /* LightViewModel.swift in Sources */,
				872D34BB258360740083305D /* NetworkError.swift in Sources */,
				87E3B61A257BD53B00F785C3 /* LocationInfo.swift in Sources */,
				87164CF42584ADA800DE56E3 /* CoronaNetworkable.swift in Sources */,
				871E1F0F2583CBB9005FEE0A /* MaskView.swift in Sources */,
				8715B826257E6C7300AE77BB /* LoadingViewable.swift in Sources */,
				87C99143257E3F68003049A3 /* TrafficLightView.swift in Sources */,
				875621FD257A831A00A705D7 /* MainCoordinator.swift in Sources */,
				872D34C1258376980083305D /* UIView+blink.swift in Sources */,
				87562218257A855700A705D7 /* CoronaService.swift in Sources */,
				87E7FF5E257CC5730095CDDC /* NetworkAdapter.swift in Sources */,
				8723EA1C257F85D3001DC3A5 /* RulesView.swift in Sources */,
				87562239257A8B8700A705D7 /* NotificationManager.swift in Sources */,
				87F57773258130CB00FB9E09 /* NotificationModel.swift in Sources */,
				875621FE257A831A00A705D7 /* Coordinator.swift in Sources */,
				87F5776B2580C72200FB9E09 /* ObservableType+CurrentAndPrevious.swift in Sources */,
				87C9913F257E3EFA003049A3 /* Light.swift in Sources */,
				8760F9132583C37500787E1D /* CALayer+animation.swift in Sources */,
				87B836CD2582510300EA1943 /* Toast.swift in Sources */,
				875621CE257A81CD00A705D7 /* AppDelegate.swift in Sources */,
			);
			runOnlyForDeploymentPostprocessing = 0;
		};
/* End PBXSourcesBuildPhase section */

/* Begin PBXVariantGroup section */
		875621D8257A81CE00A705D7 /* LaunchScreen.storyboard */ = {
			isa = PBXVariantGroup;
			children = (
				875621D9257A81CE00A705D7 /* Base */,
			);
			name = LaunchScreen.storyboard;
			sourceTree = "<group>";
		};
		87575EAC257F76DC00919A7E /* Localizable.strings */ = {
			isa = PBXVariantGroup;
			children = (
				87575EAB257F76DC00919A7E /* en */,
				87575EAE257F76EC00919A7E /* de */,
			);
			name = Localizable.strings;
			sourceTree = "<group>";
		};
/* End PBXVariantGroup section */

/* Begin XCBuildConfiguration section */
		875621DC257A81CE00A705D7 /* Debug */ = {
			isa = XCBuildConfiguration;
			buildSettings = {
				ALWAYS_SEARCH_USER_PATHS = NO;
				CLANG_ANALYZER_LOCALIZABILITY_NONLOCALIZED = YES;
				CLANG_ANALYZER_NONNULL = YES;
				CLANG_ANALYZER_NUMBER_OBJECT_CONVERSION = YES_AGGRESSIVE;
				CLANG_CXX_LANGUAGE_STANDARD = "gnu++14";
				CLANG_CXX_LIBRARY = "libc++";
				CLANG_ENABLE_MODULES = YES;
				CLANG_ENABLE_OBJC_ARC = YES;
				CLANG_ENABLE_OBJC_WEAK = YES;
				CLANG_WARN_BLOCK_CAPTURE_AUTORELEASING = YES;
				CLANG_WARN_BOOL_CONVERSION = YES;
				CLANG_WARN_COMMA = YES;
				CLANG_WARN_CONSTANT_CONVERSION = YES;
				CLANG_WARN_DEPRECATED_OBJC_IMPLEMENTATIONS = YES;
				CLANG_WARN_DIRECT_OBJC_ISA_USAGE = YES_ERROR;
				CLANG_WARN_DOCUMENTATION_COMMENTS = YES;
				CLANG_WARN_EMPTY_BODY = YES;
				CLANG_WARN_ENUM_CONVERSION = YES;
				CLANG_WARN_INFINITE_RECURSION = YES;
				CLANG_WARN_INT_CONVERSION = YES;
				CLANG_WARN_NON_LITERAL_NULL_CONVERSION = YES;
				CLANG_WARN_OBJC_IMPLICIT_RETAIN_SELF = YES;
				CLANG_WARN_OBJC_LITERAL_CONVERSION = YES;
				CLANG_WARN_OBJC_ROOT_CLASS = YES_ERROR;
				CLANG_WARN_QUOTED_INCLUDE_IN_FRAMEWORK_HEADER = YES;
				CLANG_WARN_RANGE_LOOP_ANALYSIS = YES;
				CLANG_WARN_STRICT_PROTOTYPES = YES;
				CLANG_WARN_SUSPICIOUS_MOVE = YES;
				CLANG_WARN_UNGUARDED_AVAILABILITY = YES_AGGRESSIVE;
				CLANG_WARN_UNREACHABLE_CODE = YES;
				CLANG_WARN__DUPLICATE_METHOD_MATCH = YES;
				COPY_PHASE_STRIP = NO;
				DEBUG_INFORMATION_FORMAT = dwarf;
				ENABLE_STRICT_OBJC_MSGSEND = YES;
				ENABLE_TESTABILITY = YES;
				GCC_C_LANGUAGE_STANDARD = gnu11;
				GCC_DYNAMIC_NO_PIC = NO;
				GCC_NO_COMMON_BLOCKS = YES;
				GCC_OPTIMIZATION_LEVEL = 0;
				GCC_PREPROCESSOR_DEFINITIONS = (
					"DEBUG=1",
					"$(inherited)",
				);
				GCC_WARN_64_TO_32_BIT_CONVERSION = YES;
				GCC_WARN_ABOUT_RETURN_TYPE = YES_ERROR;
				GCC_WARN_UNDECLARED_SELECTOR = YES;
				GCC_WARN_UNINITIALIZED_AUTOS = YES_AGGRESSIVE;
				GCC_WARN_UNUSED_FUNCTION = YES;
				GCC_WARN_UNUSED_VARIABLE = YES;
				IPHONEOS_DEPLOYMENT_TARGET = 14.2;
				MTL_ENABLE_DEBUG_INFO = INCLUDE_SOURCE;
				MTL_FAST_MATH = YES;
				ONLY_ACTIVE_ARCH = YES;
				SDKROOT = iphoneos;
				SWIFT_ACTIVE_COMPILATION_CONDITIONS = DEBUG;
				SWIFT_OPTIMIZATION_LEVEL = "-Onone";
			};
			name = Debug;
		};
		875621DD257A81CE00A705D7 /* Release */ = {
			isa = XCBuildConfiguration;
			buildSettings = {
				ALWAYS_SEARCH_USER_PATHS = NO;
				CLANG_ANALYZER_LOCALIZABILITY_NONLOCALIZED = YES;
				CLANG_ANALYZER_NONNULL = YES;
				CLANG_ANALYZER_NUMBER_OBJECT_CONVERSION = YES_AGGRESSIVE;
				CLANG_CXX_LANGUAGE_STANDARD = "gnu++14";
				CLANG_CXX_LIBRARY = "libc++";
				CLANG_ENABLE_MODULES = YES;
				CLANG_ENABLE_OBJC_ARC = YES;
				CLANG_ENABLE_OBJC_WEAK = YES;
				CLANG_WARN_BLOCK_CAPTURE_AUTORELEASING = YES;
				CLANG_WARN_BOOL_CONVERSION = YES;
				CLANG_WARN_COMMA = YES;
				CLANG_WARN_CONSTANT_CONVERSION = YES;
				CLANG_WARN_DEPRECATED_OBJC_IMPLEMENTATIONS = YES;
				CLANG_WARN_DIRECT_OBJC_ISA_USAGE = YES_ERROR;
				CLANG_WARN_DOCUMENTATION_COMMENTS = YES;
				CLANG_WARN_EMPTY_BODY = YES;
				CLANG_WARN_ENUM_CONVERSION = YES;
				CLANG_WARN_INFINITE_RECURSION = YES;
				CLANG_WARN_INT_CONVERSION = YES;
				CLANG_WARN_NON_LITERAL_NULL_CONVERSION = YES;
				CLANG_WARN_OBJC_IMPLICIT_RETAIN_SELF = YES;
				CLANG_WARN_OBJC_LITERAL_CONVERSION = YES;
				CLANG_WARN_OBJC_ROOT_CLASS = YES_ERROR;
				CLANG_WARN_QUOTED_INCLUDE_IN_FRAMEWORK_HEADER = YES;
				CLANG_WARN_RANGE_LOOP_ANALYSIS = YES;
				CLANG_WARN_STRICT_PROTOTYPES = YES;
				CLANG_WARN_SUSPICIOUS_MOVE = YES;
				CLANG_WARN_UNGUARDED_AVAILABILITY = YES_AGGRESSIVE;
				CLANG_WARN_UNREACHABLE_CODE = YES;
				CLANG_WARN__DUPLICATE_METHOD_MATCH = YES;
				COPY_PHASE_STRIP = NO;
				DEBUG_INFORMATION_FORMAT = "dwarf-with-dsym";
				ENABLE_NS_ASSERTIONS = NO;
				ENABLE_STRICT_OBJC_MSGSEND = YES;
				GCC_C_LANGUAGE_STANDARD = gnu11;
				GCC_NO_COMMON_BLOCKS = YES;
				GCC_WARN_64_TO_32_BIT_CONVERSION = YES;
				GCC_WARN_ABOUT_RETURN_TYPE = YES_ERROR;
				GCC_WARN_UNDECLARED_SELECTOR = YES;
				GCC_WARN_UNINITIALIZED_AUTOS = YES_AGGRESSIVE;
				GCC_WARN_UNUSED_FUNCTION = YES;
				GCC_WARN_UNUSED_VARIABLE = YES;
				IPHONEOS_DEPLOYMENT_TARGET = 14.2;
				MTL_ENABLE_DEBUG_INFO = NO;
				MTL_FAST_MATH = YES;
				SDKROOT = iphoneos;
				SWIFT_COMPILATION_MODE = wholemodule;
				SWIFT_OPTIMIZATION_LEVEL = "-O";
				VALIDATE_PRODUCT = YES;
			};
			name = Release;
		};
		875621DF257A81CE00A705D7 /* Debug */ = {
			isa = XCBuildConfiguration;
			baseConfigurationReference = 4A8997F5921C060F2AC83FA3 /* Pods-Corona Light.debug.xcconfig */;
			buildSettings = {
				ASSETCATALOG_COMPILER_APPICON_NAME = AppIcon;
				ASSETCATALOG_COMPILER_GLOBAL_ACCENT_COLOR_NAME = AccentColor;
				CODE_SIGN_STYLE = Automatic;
				DEVELOPMENT_TEAM = 5GB4GGS54M;
				INFOPLIST_FILE = "Corona Light/Resources/Info.plist";
				IPHONEOS_DEPLOYMENT_TARGET = 14.0;
				LD_RUNPATH_SEARCH_PATHS = (
					"$(inherited)",
					"@executable_path/Frameworks",
				);
				PRODUCT_BUNDLE_IDENTIFIER = "com.kabok.mohammadfarrahi.Corona-Light";
				PRODUCT_NAME = "$(TARGET_NAME)";
				SWIFT_VERSION = 5.0;
				TARGETED_DEVICE_FAMILY = 1;
			};
			name = Debug;
		};
		875621E0257A81CE00A705D7 /* Release */ = {
			isa = XCBuildConfiguration;
			baseConfigurationReference = C0F7C91B0656EBE4133F9921 /* Pods-Corona Light.release.xcconfig */;
			buildSettings = {
				ASSETCATALOG_COMPILER_APPICON_NAME = AppIcon;
				ASSETCATALOG_COMPILER_GLOBAL_ACCENT_COLOR_NAME = AccentColor;
				CODE_SIGN_STYLE = Automatic;
				DEVELOPMENT_TEAM = 5GB4GGS54M;
				INFOPLIST_FILE = "Corona Light/Resources/Info.plist";
				IPHONEOS_DEPLOYMENT_TARGET = 14.0;
				LD_RUNPATH_SEARCH_PATHS = (
					"$(inherited)",
					"@executable_path/Frameworks",
				);
				PRODUCT_BUNDLE_IDENTIFIER = "com.kabok.mohammadfarrahi.Corona-Light";
				PRODUCT_NAME = "$(TARGET_NAME)";
				SWIFT_VERSION = 5.0;
				TARGETED_DEVICE_FAMILY = 1;
			};
			name = Release;
		};
/* End XCBuildConfiguration section */

/* Begin XCConfigurationList section */
		875621C5257A81CC00A705D7 /* Build configuration list for PBXProject "Corona Light" */ = {
			isa = XCConfigurationList;
			buildConfigurations = (
				875621DC257A81CE00A705D7 /* Debug */,
				875621DD257A81CE00A705D7 /* Release */,
			);
			defaultConfigurationIsVisible = 0;
			defaultConfigurationName = Release;
		};
		875621DE257A81CE00A705D7 /* Build configuration list for PBXNativeTarget "Corona Light" */ = {
			isa = XCConfigurationList;
			buildConfigurations = (
				875621DF257A81CE00A705D7 /* Debug */,
				875621E0257A81CE00A705D7 /* Release */,
			);
			defaultConfigurationIsVisible = 0;
			defaultConfigurationName = Release;
		};
/* End XCConfigurationList section */
	};
	rootObject = 875621C2257A81CC00A705D7 /* Project object */;
}
